// !$*UTF8*$!
{
	archiveVersion = 1;
	classes = {
	};
	objectVersion = 45;
	objects = {

/* Begin PBXBuildFile section */
		18047C8D1234E3EB0084CB18 /* start.png in Resources */ = {isa = PBXBuildFile; fileRef = 18047C8C1234E3EB0084CB18 /* start.png */; };
		18047CD41234ED500084CB18 /* Setting.png in Resources */ = {isa = PBXBuildFile; fileRef = 18047CD31234ED500084CB18 /* Setting.png */; };
		18047CD61234EF6A0084CB18 /* film.png in Resources */ = {isa = PBXBuildFile; fileRef = 18047CD51234EF6A0084CB18 /* film.png */; };
		18047CE31234F50D0084CB18 /* background1.png in Resources */ = {isa = PBXBuildFile; fileRef = 18047CE11234F50D0084CB18 /* background1.png */; };
		18047CE41234F50D0084CB18 /* background2.png in Resources */ = {isa = PBXBuildFile; fileRef = 18047CE21234F50D0084CB18 /* background2.png */; };
		18047CEE1234FD4C0084CB18 /* ok.png in Resources */ = {isa = PBXBuildFile; fileRef = 18047CED1234FD4C0084CB18 /* ok.png */; };
		18047CF01234FDC90084CB18 /* ok1.png in Resources */ = {isa = PBXBuildFile; fileRef = 18047CEF1234FDC90084CB18 /* ok1.png */; };
		18047CFB12352BE60084CB18 /* timer1.png in Resources */ = {isa = PBXBuildFile; fileRef = 18047CFA12352BE60084CB18 /* timer1.png */; };
		18047D0D123537D30084CB18 /* help1.png in Resources */ = {isa = PBXBuildFile; fileRef = 18047D0B123537D30084CB18 /* help1.png */; };
		18047D0E123537D30084CB18 /* help2.png in Resources */ = {isa = PBXBuildFile; fileRef = 18047D0C123537D30084CB18 /* help2.png */; };
		18047D11123537E10084CB18 /* info.png in Resources */ = {isa = PBXBuildFile; fileRef = 18047D0F123537E10084CB18 /* info.png */; };
		18047D12123537E10084CB18 /* info96g.png in Resources */ = {isa = PBXBuildFile; fileRef = 18047D10123537E10084CB18 /* info96g.png */; };
		18047D171235390B0084CB18 /* HelpViewController.xib in Resources */ = {isa = PBXBuildFile; fileRef = 18047D151235390B0084CB18 /* HelpViewController.xib */; };
		18047D2912353CFC0084CB18 /* help.png in Resources */ = {isa = PBXBuildFile; fileRef = 18047D2812353CFC0084CB18 /* help.png */; };
		18047D40123542020084CB18 /* help-all.png in Resources */ = {isa = PBXBuildFile; fileRef = 18047D3F123542020084CB18 /* help-all.png */; };
		18047D4A123544B50084CB18 /* Default.png in Resources */ = {isa = PBXBuildFile; fileRef = 18047D49123544B50084CB18 /* Default.png */; };
		18047D4D123546F50084CB18 /* icon.png in Resources */ = {isa = PBXBuildFile; fileRef = 18047D4B123546F50084CB18 /* icon.png */; };
		18047D4E123546F50084CB18 /* icon512.png in Resources */ = {isa = PBXBuildFile; fileRef = 18047D4C123546F50084CB18 /* icon512.png */; };
		188F238B1233964700EE22CA /* photoShutter.caf in Resources */ = {isa = PBXBuildFile; fileRef = 188F23891233964700EE22CA /* photoShutter.caf */; };
		188F238C1233964700EE22CA /* Tink.aiff in Resources */ = {isa = PBXBuildFile; fileRef = 188F238A1233964700EE22CA /* Tink.aiff */; };
		18C6AEC5123239260095EE8F /* SettingViewController.xib in Resources */ = {isa = PBXBuildFile; fileRef = 18C6AEC3123239260095EE8F /* SettingViewController.xib */; };
		18C6AF771232B1F40095EE8F /* home.png in Resources */ = {isa = PBXBuildFile; fileRef = 18C6AF761232B1F40095EE8F /* home.png */; };
		18C6AFCC1232C29F0095EE8F /* SLImageKit.m in Sources */ = {isa = PBXBuildFile; fileRef = 18C6AFCB1232C29F0095EE8F /* SLImageKit.m */; };
		18CEAA4D12D99116002AEF04 /* README in Resources */ = {isa = PBXBuildFile; fileRef = 18CEAA4C12D99116002AEF04 /* README */; };
		18CEAA5E12D9938D002AEF04 /* haarcascade_frontalface_alt.xml in Resources */ = {isa = PBXBuildFile; fileRef = 18CEAA5612D9938D002AEF04 /* haarcascade_frontalface_alt.xml */; };
		18CEAA5F12D9938D002AEF04 /* haarcascade_frontalface_alt2.xml in Resources */ = {isa = PBXBuildFile; fileRef = 18CEAA5712D9938D002AEF04 /* haarcascade_frontalface_alt2.xml */; };
		18CEAA6012D9938D002AEF04 /* haarcascade_frontalface_alt_tree.xml in Resources */ = {isa = PBXBuildFile; fileRef = 18CEAA5812D9938D002AEF04 /* haarcascade_frontalface_alt_tree.xml */; };
		18CEAA6112D9938D002AEF04 /* haarcascade_frontalface_default.xml in Resources */ = {isa = PBXBuildFile; fileRef = 18CEAA5912D9938D002AEF04 /* haarcascade_frontalface_default.xml */; };
		18CEAA6212D9938D002AEF04 /* haarcascade_fullbody.xml in Resources */ = {isa = PBXBuildFile; fileRef = 18CEAA5A12D9938D002AEF04 /* haarcascade_fullbody.xml */; };
		18CEAA6312D9938D002AEF04 /* haarcascade_lowerbody.xml in Resources */ = {isa = PBXBuildFile; fileRef = 18CEAA5B12D9938D002AEF04 /* haarcascade_lowerbody.xml */; };
		18CEAA6412D9938D002AEF04 /* haarcascade_profileface.xml in Resources */ = {isa = PBXBuildFile; fileRef = 18CEAA5C12D9938D002AEF04 /* haarcascade_profileface.xml */; };
		18CEAA6512D9938D002AEF04 /* haarcascade_upperbody.xml in Resources */ = {isa = PBXBuildFile; fileRef = 18CEAA5D12D9938D002AEF04 /* haarcascade_upperbody.xml */; };
		18FF0EB012D9DAEB00C1DDAB /* MainWindow.xib in Resources */ = {isa = PBXBuildFile; fileRef = 18FF0EA412D9DAEB00C1DDAB /* MainWindow.xib */; };
		18FF0EB112D9DAEB00C1DDAB /* AVCamViewController.xib in Resources */ = {isa = PBXBuildFile; fileRef = 18FF0EA512D9DAEB00C1DDAB /* AVCamViewController.xib */; };
		18FF0EB212D9DAEB00C1DDAB /* ExpandyButton.m in Sources */ = {isa = PBXBuildFile; fileRef = 18FF0EA712D9DAEB00C1DDAB /* ExpandyButton.m */; };
		18FF0EB312D9DAEB00C1DDAB /* AVCamAppDelegate.m in Sources */ = {isa = PBXBuildFile; fileRef = 18FF0EA912D9DAEB00C1DDAB /* AVCamAppDelegate.m */; };
		18FF0EB412D9DAEB00C1DDAB /* AVCamViewController.m in Sources */ = {isa = PBXBuildFile; fileRef = 18FF0EAB12D9DAEB00C1DDAB /* AVCamViewController.m */; };
		18FF0EB512D9DAEB00C1DDAB /* AVCamCaptureManager.m in Sources */ = {isa = PBXBuildFile; fileRef = 18FF0EAD12D9DAEB00C1DDAB /* AVCamCaptureManager.m */; };
		18FF0EB612D9DAEB00C1DDAB /* AVCamPreviewView.m in Sources */ = {isa = PBXBuildFile; fileRef = 18FF0EAF12D9DAEB00C1DDAB /* AVCamPreviewView.m */; };
		18FF0EC512D9DB2B00C1DDAB /* AssetsLibrary.framework in Frameworks */ = {isa = PBXBuildFile; fileRef = 18FF0EC412D9DB2B00C1DDAB /* AssetsLibrary.framework */; };
		1D60589B0D05DD56006BFB54 /* main.m in Sources */ = {isa = PBXBuildFile; fileRef = 29B97316FDCFA39411CA2CEA /* main.m */; };
		1D60589F0D05DD5A006BFB54 /* Foundation.framework in Frameworks */ = {isa = PBXBuildFile; fileRef = 1D30AB110D05D00D00671497 /* Foundation.framework */; };
		1DF5F4E00D08C38300B7A737 /* UIKit.framework in Frameworks */ = {isa = PBXBuildFile; fileRef = 1DF5F4DF0D08C38300B7A737 /* UIKit.framework */; };
		2899E5220DE3E06400AC0155 /* WelcomeViewController.xib in Resources */ = {isa = PBXBuildFile; fileRef = 2899E5210DE3E06400AC0155 /* WelcomeViewController.xib */; };
		435D984B11D2089A009ADC4F /* AVFoundation.framework in Frameworks */ = {isa = PBXBuildFile; fileRef = 435D984A11D2089A009ADC4F /* AVFoundation.framework */; };
		438CE3BC11D2717800CF55BC /* CoreGraphics.framework in Frameworks */ = {isa = PBXBuildFile; fileRef = 438CE3BB11D2717800CF55BC /* CoreGraphics.framework */; };
		438CE3DF11D2718600CF55BC /* CoreVideo.framework in Frameworks */ = {isa = PBXBuildFile; fileRef = 438CE3DE11D2718600CF55BC /* CoreVideo.framework */; };
		438CE3E511D2719F00CF55BC /* CoreMedia.framework in Frameworks */ = {isa = PBXBuildFile; fileRef = 438CE3E411D2719F00CF55BC /* CoreMedia.framework */; };
		43D32BCE11D341F400AFA790 /* QuartzCore.framework in Frameworks */ = {isa = PBXBuildFile; fileRef = 43D32BCD11D341F400AFA790 /* QuartzCore.framework */; };
		43D32E3011D3A1DB00AFA790 /* AudioToolbox.framework in Frameworks */ = {isa = PBXBuildFile; fileRef = 43D32E2F11D3A1DB00AFA790 /* AudioToolbox.framework */; };
/* End PBXBuildFile section */

/* Begin PBXFileReference section */
		18047C8C1234E3EB0084CB18 /* start.png */ = {isa = PBXFileReference; lastKnownFileType = image.png; path = start.png; sourceTree = "<group>"; };
		18047CD31234ED500084CB18 /* Setting.png */ = {isa = PBXFileReference; lastKnownFileType = image.png; path = Setting.png; sourceTree = SOURCE_ROOT; };
		18047CD51234EF6A0084CB18 /* film.png */ = {isa = PBXFileReference; lastKnownFileType = image.png; path = film.png; sourceTree = SOURCE_ROOT; };
		18047CE11234F50D0084CB18 /* background1.png */ = {isa = PBXFileReference; lastKnownFileType = image.png; path = background1.png; sourceTree = SOURCE_ROOT; };
		18047CE21234F50D0084CB18 /* background2.png */ = {isa = PBXFileReference; lastKnownFileType = image.png; path = background2.png; sourceTree = SOURCE_ROOT; };
		18047CED1234FD4C0084CB18 /* ok.png */ = {isa = PBXFileReference; lastKnownFileType = image.png; path = ok.png; sourceTree = SOURCE_ROOT; };
		18047CEF1234FDC90084CB18 /* ok1.png */ = {isa = PBXFileReference; lastKnownFileType = image.png; path = ok1.png; sourceTree = SOURCE_ROOT; };
		18047CFA12352BE60084CB18 /* timer1.png */ = {isa = PBXFileReference; lastKnownFileType = image.png; path = timer1.png; sourceTree = SOURCE_ROOT; };
		18047D0B123537D30084CB18 /* help1.png */ = {isa = PBXFileReference; lastKnownFileType = image.png; path = help1.png; sourceTree = SOURCE_ROOT; };
		18047D0C123537D30084CB18 /* help2.png */ = {isa = PBXFileReference; lastKnownFileType = image.png; path = help2.png; sourceTree = SOURCE_ROOT; };
		18047D0F123537E10084CB18 /* info.png */ = {isa = PBXFileReference; lastKnownFileType = image.png; path = info.png; sourceTree = SOURCE_ROOT; };
		18047D10123537E10084CB18 /* info96g.png */ = {isa = PBXFileReference; lastKnownFileType = image.png; path = info96g.png; sourceTree = SOURCE_ROOT; };
		18047D151235390B0084CB18 /* HelpViewController.xib */ = {isa = PBXFileReference; lastKnownFileType = file.xib; name = HelpViewController.xib; path = Classes/HelpViewController.xib; sourceTree = "<group>"; };
		18047D2812353CFC0084CB18 /* help.png */ = {isa = PBXFileReference; lastKnownFileType = image.png; path = help.png; sourceTree = SOURCE_ROOT; };
		18047D3F123542020084CB18 /* help-all.png */ = {isa = PBXFileReference; lastKnownFileType = image.png; path = "help-all.png"; sourceTree = SOURCE_ROOT; };
		18047D49123544B50084CB18 /* Default.png */ = {isa = PBXFileReference; lastKnownFileType = image.png; path = Default.png; sourceTree = SOURCE_ROOT; };
		18047D4B123546F50084CB18 /* icon.png */ = {isa = PBXFileReference; lastKnownFileType = image.png; path = icon.png; sourceTree = SOURCE_ROOT; };
		18047D4C123546F50084CB18 /* icon512.png */ = {isa = PBXFileReference; lastKnownFileType = image.png; path = icon512.png; sourceTree = SOURCE_ROOT; };
		18047D64123550230084CB18 /* Entitlements.plist */ = {isa = PBXFileReference; fileEncoding = 4; lastKnownFileType = text.plist.xml; path = Entitlements.plist; sourceTree = "<group>"; };
		188F23891233964700EE22CA /* photoShutter.caf */ = {isa = PBXFileReference; lastKnownFileType = file; path = photoShutter.caf; sourceTree = SOURCE_ROOT; };
		188F238A1233964700EE22CA /* Tink.aiff */ = {isa = PBXFileReference; lastKnownFileType = audio.aiff; path = Tink.aiff; sourceTree = SOURCE_ROOT; };
		18C6AEC3123239260095EE8F /* SettingViewController.xib */ = {isa = PBXFileReference; lastKnownFileType = file.xib; name = SettingViewController.xib; path = Classes/SettingViewController.xib; sourceTree = "<group>"; };
		18C6AF761232B1F40095EE8F /* home.png */ = {isa = PBXFileReference; lastKnownFileType = image.png; path = home.png; sourceTree = SOURCE_ROOT; };
		18C6AFCA1232C29F0095EE8F /* SLImageKit.h */ = {isa = PBXFileReference; fileEncoding = 4; lastKnownFileType = sourcecode.c.h; name = SLImageKit.h; path = Classes/MyKits/SLImageKit.h; sourceTree = SOURCE_ROOT; };
		18C6AFCB1232C29F0095EE8F /* SLImageKit.m */ = {isa = PBXFileReference; fileEncoding = 4; lastKnownFileType = sourcecode.c.objc; name = SLImageKit.m; path = Classes/MyKits/SLImageKit.m; sourceTree = SOURCE_ROOT; };
		18CEAA1F12D98C98002AEF04 /* Entitlements.plist */ = {isa = PBXFileReference; fileEncoding = 4; lastKnownFileType = text.plist.xml; path = Entitlements.plist; sourceTree = "<group>"; };
		18CEAA4C12D99116002AEF04 /* README */ = {isa = PBXFileReference; fileEncoding = 4; lastKnownFileType = text; path = README; sourceTree = "<group>"; };
		18CEAA5612D9938D002AEF04 /* haarcascade_frontalface_alt.xml */ = {isa = PBXFileReference; fileEncoding = 4; lastKnownFileType = text.xml; path = haarcascade_frontalface_alt.xml; sourceTree = "<group>"; };
		18CEAA5712D9938D002AEF04 /* haarcascade_frontalface_alt2.xml */ = {isa = PBXFileReference; fileEncoding = 4; lastKnownFileType = text.xml; path = haarcascade_frontalface_alt2.xml; sourceTree = "<group>"; };
		18CEAA5812D9938D002AEF04 /* haarcascade_frontalface_alt_tree.xml */ = {isa = PBXFileReference; fileEncoding = 4; lastKnownFileType = text.xml; path = haarcascade_frontalface_alt_tree.xml; sourceTree = "<group>"; };
		18CEAA5912D9938D002AEF04 /* haarcascade_frontalface_default.xml */ = {isa = PBXFileReference; fileEncoding = 4; lastKnownFileType = text.xml; path = haarcascade_frontalface_default.xml; sourceTree = "<group>"; };
		18CEAA5A12D9938D002AEF04 /* haarcascade_fullbody.xml */ = {isa = PBXFileReference; fileEncoding = 4; lastKnownFileType = text.xml; path = haarcascade_fullbody.xml; sourceTree = "<group>"; };
		18CEAA5B12D9938D002AEF04 /* haarcascade_lowerbody.xml */ = {isa = PBXFileReference; fileEncoding = 4; lastKnownFileType = text.xml; path = haarcascade_lowerbody.xml; sourceTree = "<group>"; };
		18CEAA5C12D9938D002AEF04 /* haarcascade_profileface.xml */ = {isa = PBXFileReference; fileEncoding = 4; lastKnownFileType = text.xml; path = haarcascade_profileface.xml; sourceTree = "<group>"; };
		18CEAA5D12D9938D002AEF04 /* haarcascade_upperbody.xml */ = {isa = PBXFileReference; fileEncoding = 4; lastKnownFileType = text.xml; path = haarcascade_upperbody.xml; sourceTree = "<group>"; };
		18FF0EA412D9DAEB00C1DDAB /* MainWindow.xib */ = {isa = PBXFileReference; lastKnownFileType = file.xib; name = MainWindow.xib; path = Classes/Classes/MainWindow.xib; sourceTree = "<group>"; };
		18FF0EA512D9DAEB00C1DDAB /* AVCamViewController.xib */ = {isa = PBXFileReference; lastKnownFileType = file.xib; name = AVCamViewController.xib; path = Classes/Classes/AVCamViewController.xib; sourceTree = "<group>"; };
		18FF0EA612D9DAEB00C1DDAB /* ExpandyButton.h */ = {isa = PBXFileReference; fileEncoding = 4; lastKnownFileType = sourcecode.c.h; path = ExpandyButton.h; sourceTree = "<group>"; };
		18FF0EA712D9DAEB00C1DDAB /* ExpandyButton.m */ = {isa = PBXFileReference; fileEncoding = 4; lastKnownFileType = sourcecode.c.objc; path = ExpandyButton.m; sourceTree = "<group>"; };
		18FF0EA812D9DAEB00C1DDAB /* AVCamAppDelegate.h */ = {isa = PBXFileReference; fileEncoding = 4; lastKnownFileType = sourcecode.c.h; path = AVCamAppDelegate.h; sourceTree = "<group>"; };
		18FF0EA912D9DAEB00C1DDAB /* AVCamAppDelegate.m */ = {isa = PBXFileReference; fileEncoding = 4; lastKnownFileType = sourcecode.c.objc; path = AVCamAppDelegate.m; sourceTree = "<group>"; };
		18FF0EAA12D9DAEB00C1DDAB /* AVCamViewController.h */ = {isa = PBXFileReference; fileEncoding = 4; lastKnownFileType = sourcecode.c.h; path = AVCamViewController.h; sourceTree = "<group>"; };
		18FF0EAB12D9DAEB00C1DDAB /* AVCamViewController.m */ = {isa = PBXFileReference; fileEncoding = 4; lastKnownFileType = sourcecode.c.objc; path = AVCamViewController.m; sourceTree = "<group>"; };
		18FF0EAC12D9DAEB00C1DDAB /* AVCamCaptureManager.h */ = {isa = PBXFileReference; fileEncoding = 4; lastKnownFileType = sourcecode.c.h; path = AVCamCaptureManager.h; sourceTree = "<group>"; };
		18FF0EAD12D9DAEB00C1DDAB /* AVCamCaptureManager.m */ = {isa = PBXFileReference; fileEncoding = 4; lastKnownFileType = sourcecode.c.objc; path = AVCamCaptureManager.m; sourceTree = "<group>"; };
		18FF0EAE12D9DAEB00C1DDAB /* AVCamPreviewView.h */ = {isa = PBXFileReference; fileEncoding = 4; lastKnownFileType = sourcecode.c.h; path = AVCamPreviewView.h; sourceTree = "<group>"; };
		18FF0EAF12D9DAEB00C1DDAB /* AVCamPreviewView.m */ = {isa = PBXFileReference; fileEncoding = 4; lastKnownFileType = sourcecode.c.objc; path = AVCamPreviewView.m; sourceTree = "<group>"; };
		18FF0EC412D9DB2B00C1DDAB /* AssetsLibrary.framework */ = {isa = PBXFileReference; lastKnownFileType = wrapper.framework; name = AssetsLibrary.framework; path = System/Library/Frameworks/AssetsLibrary.framework; sourceTree = SDKROOT; };
		1D30AB110D05D00D00671497 /* Foundation.framework */ = {isa = PBXFileReference; lastKnownFileType = wrapper.framework; name = Foundation.framework; path = System/Library/Frameworks/Foundation.framework; sourceTree = SDKROOT; };
		1DF5F4DF0D08C38300B7A737 /* UIKit.framework */ = {isa = PBXFileReference; lastKnownFileType = wrapper.framework; name = UIKit.framework; path = System/Library/Frameworks/UIKit.framework; sourceTree = SDKROOT; };
		2899E5210DE3E06400AC0155 /* WelcomeViewController.xib */ = {isa = PBXFileReference; lastKnownFileType = file.xib; path = WelcomeViewController.xib; sourceTree = "<group>"; };
		29B97316FDCFA39411CA2CEA /* main.m */ = {isa = PBXFileReference; fileEncoding = 4; lastKnownFileType = sourcecode.c.objc; path = main.m; sourceTree = "<group>"; };
		32CA4F630368D1EE00C91783 /* TimerCamera_Prefix.pch */ = {isa = PBXFileReference; fileEncoding = 4; lastKnownFileType = sourcecode.c.h; path = TimerCamera_Prefix.pch; sourceTree = "<group>"; };
		430C1F0912197A2C00102B33 /* TimerCamera.app */ = {isa = PBXFileReference; explicitFileType = wrapper.application; includeInIndex = 0; path = TimerCamera.app; sourceTree = BUILT_PRODUCTS_DIR; };
		435D984A11D2089A009ADC4F /* AVFoundation.framework */ = {isa = PBXFileReference; lastKnownFileType = wrapper.framework; name = AVFoundation.framework; path = System/Library/Frameworks/AVFoundation.framework; sourceTree = SDKROOT; };
		438CE3BB11D2717800CF55BC /* CoreGraphics.framework */ = {isa = PBXFileReference; lastKnownFileType = wrapper.framework; name = CoreGraphics.framework; path = System/Library/Frameworks/CoreGraphics.framework; sourceTree = SDKROOT; };
		438CE3DE11D2718600CF55BC /* CoreVideo.framework */ = {isa = PBXFileReference; lastKnownFileType = wrapper.framework; name = CoreVideo.framework; path = System/Library/Frameworks/CoreVideo.framework; sourceTree = SDKROOT; };
		438CE3E411D2719F00CF55BC /* CoreMedia.framework */ = {isa = PBXFileReference; lastKnownFileType = wrapper.framework; name = CoreMedia.framework; path = System/Library/Frameworks/CoreMedia.framework; sourceTree = SDKROOT; };
		43D32BCD11D341F400AFA790 /* QuartzCore.framework */ = {isa = PBXFileReference; lastKnownFileType = wrapper.framework; name = QuartzCore.framework; path = System/Library/Frameworks/QuartzCore.framework; sourceTree = SDKROOT; };
		43D32E2F11D3A1DB00AFA790 /* AudioToolbox.framework */ = {isa = PBXFileReference; lastKnownFileType = wrapper.framework; name = AudioToolbox.framework; path = System/Library/Frameworks/AudioToolbox.framework; sourceTree = SDKROOT; };
		8D1107310486CEB800E47090 /* TimerCamera-Info.plist */ = {isa = PBXFileReference; fileEncoding = 4; lastKnownFileType = text.plist.xml; path = "TimerCamera-Info.plist"; plistStructureDefinitionIdentifier = "com.apple.xcode.plist.structure-definition.iphone.info-plist"; sourceTree = "<group>"; wrapsLines = 1; };
		95E785E612DA98AE00C83D37 /* Entitlements.plist */ = {isa = PBXFileReference; fileEncoding = 4; lastKnownFileType = text.plist.xml; path = Entitlements.plist; sourceTree = "<group>"; };
/* End PBXFileReference section */

/* Begin PBXFrameworksBuildPhase section */
		1D60588F0D05DD3D006BFB54 /* Frameworks */ = {
			isa = PBXFrameworksBuildPhase;
			buildActionMask = 2147483647;
			files = (
				1D60589F0D05DD5A006BFB54 /* Foundation.framework in Frameworks */,
				1DF5F4E00D08C38300B7A737 /* UIKit.framework in Frameworks */,
				435D984B11D2089A009ADC4F /* AVFoundation.framework in Frameworks */,
				438CE3BC11D2717800CF55BC /* CoreGraphics.framework in Frameworks */,
				438CE3DF11D2718600CF55BC /* CoreVideo.framework in Frameworks */,
				438CE3E511D2719F00CF55BC /* CoreMedia.framework in Frameworks */,
				43D32BCE11D341F400AFA790 /* QuartzCore.framework in Frameworks */,
				43D32E3011D3A1DB00AFA790 /* AudioToolbox.framework in Frameworks */,
				18FF0EC512D9DB2B00C1DDAB /* AssetsLibrary.framework in Frameworks */,
			);
			runOnlyForDeploymentPostprocessing = 0;
		};
/* End PBXFrameworksBuildPhase section */

/* Begin PBXGroup section */
		080E96DDFE201D6D7F000001 /* Classes */ = {
			isa = PBXGroup;
			children = (
				18FF0EA312D9DAEB00C1DDAB /* Classes */,
				18CEAA4E12D99160002AEF04 /* ViewControllers */,
			);
			path = Classes;
			sourceTree = "<group>";
		};
		18C6AFC91232C29F0095EE8F /* MyKits */ = {
			isa = PBXGroup;
			children = (
				18C6AFCA1232C29F0095EE8F /* SLImageKit.h */,
				18C6AFCB1232C29F0095EE8F /* SLImageKit.m */,
			);
			name = MyKits;
			path = Classes/MyKits;
			sourceTree = SOURCE_ROOT;
		};
		18CEAA4E12D99160002AEF04 /* ViewControllers */ = {
			isa = PBXGroup;
			children = (
			);
			name = ViewControllers;
			sourceTree = "<group>";
		};
		18CEAA5512D9938D002AEF04 /* haarcascades */ = {
			isa = PBXGroup;
			children = (
				18CEAA5612D9938D002AEF04 /* haarcascade_frontalface_alt.xml */,
				18CEAA5712D9938D002AEF04 /* haarcascade_frontalface_alt2.xml */,
				18CEAA5812D9938D002AEF04 /* haarcascade_frontalface_alt_tree.xml */,
				18CEAA5912D9938D002AEF04 /* haarcascade_frontalface_default.xml */,
				18CEAA5A12D9938D002AEF04 /* haarcascade_fullbody.xml */,
				18CEAA5B12D9938D002AEF04 /* haarcascade_lowerbody.xml */,
				18CEAA5C12D9938D002AEF04 /* haarcascade_profileface.xml */,
				18CEAA5D12D9938D002AEF04 /* haarcascade_upperbody.xml */,
			);
			name = haarcascades;
			path = common/opencv_device/share/opencv/haarcascades;
			sourceTree = "<group>";
		};
		18FF0EA312D9DAEB00C1DDAB /* Classes */ = {
			isa = PBXGroup;
			children = (
				18C6AFC91232C29F0095EE8F /* MyKits */,
				18FF0EA612D9DAEB00C1DDAB /* ExpandyButton.h */,
				18FF0EA712D9DAEB00C1DDAB /* ExpandyButton.m */,
				18FF0EA812D9DAEB00C1DDAB /* AVCamAppDelegate.h */,
				18FF0EA912D9DAEB00C1DDAB /* AVCamAppDelegate.m */,
				18FF0EAA12D9DAEB00C1DDAB /* AVCamViewController.h */,
				18FF0EAB12D9DAEB00C1DDAB /* AVCamViewController.m */,
				18FF0EAC12D9DAEB00C1DDAB /* AVCamCaptureManager.h */,
				18FF0EAD12D9DAEB00C1DDAB /* AVCamCaptureManager.m */,
				18FF0EAE12D9DAEB00C1DDAB /* AVCamPreviewView.h */,
				18FF0EAF12D9DAEB00C1DDAB /* AVCamPreviewView.m */,
			);
			path = Classes;
			sourceTree = "<group>";
		};
		19C28FACFE9D520D11CA2CBB /* Products */ = {
			isa = PBXGroup;
			children = (
				430C1F0912197A2C00102B33 /* TimerCamera.app */,
			);
			name = Products;
			sourceTree = "<group>";
		};
		29B97314FDCFA39411CA2CEA /* CustomTemplate */ = {
			isa = PBXGroup;
			children = (
				18CEAA4C12D99116002AEF04 /* README */,
				080E96DDFE201D6D7F000001 /* Classes */,
				29B97315FDCFA39411CA2CEA /* Other Sources */,
				29B97317FDCFA39411CA2CEA /* Resources */,
				29B97323FDCFA39411CA2CEA /* Frameworks */,
				19C28FACFE9D520D11CA2CBB /* Products */,
				18047D64123550230084CB18 /* Entitlements.plist */,
				18CEAA1F12D98C98002AEF04 /* Entitlements.plist */,
				95E785E612DA98AE00C83D37 /* Entitlements.plist */,
			);
			name = CustomTemplate;
			sourceTree = "<group>";
		};
		29B97315FDCFA39411CA2CEA /* Other Sources */ = {
			isa = PBXGroup;
			children = (
				32CA4F630368D1EE00C91783 /* TimerCamera_Prefix.pch */,
				29B97316FDCFA39411CA2CEA /* main.m */,
			);
			name = "Other Sources";
			sourceTree = "<group>";
		};
		29B97317FDCFA39411CA2CEA /* Resources */ = {
			isa = PBXGroup;
			children = (
				18FF0EA412D9DAEB00C1DDAB /* MainWindow.xib */,
				18FF0EA512D9DAEB00C1DDAB /* AVCamViewController.xib */,
				18047D4B123546F50084CB18 /* icon.png */,
				18047D4C123546F50084CB18 /* icon512.png */,
				18047D49123544B50084CB18 /* Default.png */,
				18047D3F123542020084CB18 /* help-all.png */,
				18047D2812353CFC0084CB18 /* help.png */,
				18047D0F123537E10084CB18 /* info.png */,
				18047D10123537E10084CB18 /* info96g.png */,
				18047D0B123537D30084CB18 /* help1.png */,
				18047D0C123537D30084CB18 /* help2.png */,
				18047CFA12352BE60084CB18 /* timer1.png */,
				18047CEF1234FDC90084CB18 /* ok1.png */,
				18047CED1234FD4C0084CB18 /* ok.png */,
				18047CE11234F50D0084CB18 /* background1.png */,
				18047CE21234F50D0084CB18 /* background2.png */,
				18047CD51234EF6A0084CB18 /* film.png */,
				18047CD31234ED500084CB18 /* Setting.png */,
				18047C8C1234E3EB0084CB18 /* start.png */,
				188F23891233964700EE22CA /* photoShutter.caf */,
				188F238A1233964700EE22CA /* Tink.aiff */,
				18CEAA5512D9938D002AEF04 /* haarcascades */,
				18C6AF761232B1F40095EE8F /* home.png */,
				18047D151235390B0084CB18 /* HelpViewController.xib */,
				2899E5210DE3E06400AC0155 /* WelcomeViewController.xib */,
				18C6AEC3123239260095EE8F /* SettingViewController.xib */,
				8D1107310486CEB800E47090 /* TimerCamera-Info.plist */,
			);
			name = Resources;
			sourceTree = "<group>";
		};
		29B97323FDCFA39411CA2CEA /* Frameworks */ = {
			isa = PBXGroup;
			children = (
				438CE3BB11D2717800CF55BC /* CoreGraphics.framework */,
				1DF5F4DF0D08C38300B7A737 /* UIKit.framework */,
				1D30AB110D05D00D00671497 /* Foundation.framework */,
				435D984A11D2089A009ADC4F /* AVFoundation.framework */,
				438CE3DE11D2718600CF55BC /* CoreVideo.framework */,
				438CE3E411D2719F00CF55BC /* CoreMedia.framework */,
				43D32BCD11D341F400AFA790 /* QuartzCore.framework */,
				43D32E2F11D3A1DB00AFA790 /* AudioToolbox.framework */,
				18FF0EC412D9DB2B00C1DDAB /* AssetsLibrary.framework */,
			);
			name = Frameworks;
			sourceTree = "<group>";
		};
/* End PBXGroup section */

/* Begin PBXNativeTarget section */
		1D6058900D05DD3D006BFB54 /* TimerCamera */ = {
			isa = PBXNativeTarget;
			buildConfigurationList = 1D6058960D05DD3E006BFB54 /* Build configuration list for PBXNativeTarget "TimerCamera" */;
			buildPhases = (
				1D60588D0D05DD3D006BFB54 /* Resources */,
				1D60588E0D05DD3D006BFB54 /* Sources */,
				1D60588F0D05DD3D006BFB54 /* Frameworks */,
			);
			buildRules = (
			);
			dependencies = (
			);
			name = TimerCamera;
			productName = Flashcode;
			productReference = 430C1F0912197A2C00102B33 /* TimerCamera.app */;
			productType = "com.apple.product-type.application";
		};
/* End PBXNativeTarget section */

/* Begin PBXProject section */
		29B97313FDCFA39411CA2CEA /* Project object */ = {
			isa = PBXProject;
			buildConfigurationList = C01FCF4E08A954540054247B /* Build configuration list for PBXProject "TimerCamera" */;
			compatibilityVersion = "Xcode 3.1";
			developmentRegion = English;
			hasScannedForEncodings = 1;
			knownRegions = (
				English,
				Japanese,
				French,
				German,
			);
			mainGroup = 29B97314FDCFA39411CA2CEA /* CustomTemplate */;
			projectDirPath = "";
			projectRoot = "";
			targets = (
				1D6058900D05DD3D006BFB54 /* TimerCamera */,
			);
		};
/* End PBXProject section */

/* Begin PBXResourcesBuildPhase section */
		1D60588D0D05DD3D006BFB54 /* Resources */ = {
			isa = PBXResourcesBuildPhase;
			buildActionMask = 2147483647;
			files = (
				2899E5220DE3E06400AC0155 /* WelcomeViewController.xib in Resources */,
				18C6AEC5123239260095EE8F /* SettingViewController.xib in Resources */,
				18C6AF771232B1F40095EE8F /* home.png in Resources */,
				188F238B1233964700EE22CA /* photoShutter.caf in Resources */,
				188F238C1233964700EE22CA /* Tink.aiff in Resources */,
				18047C8D1234E3EB0084CB18 /* start.png in Resources */,
				18047CD41234ED500084CB18 /* Setting.png in Resources */,
				18047CD61234EF6A0084CB18 /* film.png in Resources */,
				18047CE31234F50D0084CB18 /* background1.png in Resources */,
				18047CE41234F50D0084CB18 /* background2.png in Resources */,
				18047CEE1234FD4C0084CB18 /* ok.png in Resources */,
				18047CF01234FDC90084CB18 /* ok1.png in Resources */,
				18047CFB12352BE60084CB18 /* timer1.png in Resources */,
				18047D0D123537D30084CB18 /* help1.png in Resources */,
				18047D0E123537D30084CB18 /* help2.png in Resources */,
				18047D11123537E10084CB18 /* info.png in Resources */,
				18047D12123537E10084CB18 /* info96g.png in Resources */,
				18047D171235390B0084CB18 /* HelpViewController.xib in Resources */,
				18047D2912353CFC0084CB18 /* help.png in Resources */,
				18047D40123542020084CB18 /* help-all.png in Resources */,
				18047D4A123544B50084CB18 /* Default.png in Resources */,
				18047D4D123546F50084CB18 /* icon.png in Resources */,
				18047D4E123546F50084CB18 /* icon512.png in Resources */,
				18CEAA4D12D99116002AEF04 /* README in Resources */,
				18CEAA5E12D9938D002AEF04 /* haarcascade_frontalface_alt.xml in Resources */,
				18CEAA5F12D9938D002AEF04 /* haarcascade_frontalface_alt2.xml in Resources */,
				18CEAA6012D9938D002AEF04 /* haarcascade_frontalface_alt_tree.xml in Resources */,
				18CEAA6112D9938D002AEF04 /* haarcascade_frontalface_default.xml in Resources */,
				18CEAA6212D9938D002AEF04 /* haarcascade_fullbody.xml in Resources */,
				18CEAA6312D9938D002AEF04 /* haarcascade_lowerbody.xml in Resources */,
				18CEAA6412D9938D002AEF04 /* haarcascade_profileface.xml in Resources */,
				18CEAA6512D9938D002AEF04 /* haarcascade_upperbody.xml in Resources */,
				18FF0EB012D9DAEB00C1DDAB /* MainWindow.xib in Resources */,
				18FF0EB112D9DAEB00C1DDAB /* AVCamViewController.xib in Resources */,
			);
			runOnlyForDeploymentPostprocessing = 0;
		};
/* End PBXResourcesBuildPhase section */

/* Begin PBXSourcesBuildPhase section */
		1D60588E0D05DD3D006BFB54 /* Sources */ = {
			isa = PBXSourcesBuildPhase;
			buildActionMask = 2147483647;
			files = (
				1D60589B0D05DD56006BFB54 /* main.m in Sources */,
				18C6AFCC1232C29F0095EE8F /* SLImageKit.m in Sources */,
				18FF0EB212D9DAEB00C1DDAB /* ExpandyButton.m in Sources */,
				18FF0EB312D9DAEB00C1DDAB /* AVCamAppDelegate.m in Sources */,
				18FF0EB412D9DAEB00C1DDAB /* AVCamViewController.m in Sources */,
				18FF0EB512D9DAEB00C1DDAB /* AVCamCaptureManager.m in Sources */,
				18FF0EB612D9DAEB00C1DDAB /* AVCamPreviewView.m in Sources */,
			);
			runOnlyForDeploymentPostprocessing = 0;
		};
/* End PBXSourcesBuildPhase section */

/* Begin XCBuildConfiguration section */
		18047D5512354D7B0084CB18 /* Distribution */ = {
			isa = XCBuildConfiguration;
			buildSettings = {
				ARCHS = "$(ARCHS_STANDARD_32_BIT)";
				"CODE_SIGN_IDENTITY[sdk=iphoneos*]" = "iPhone Developer";
				GCC_C_LANGUAGE_STANDARD = c99;
				GCC_WARN_ABOUT_RETURN_TYPE = YES;
				GCC_WARN_UNUSED_VARIABLE = YES;
				OTHER_CFLAGS = "-DNS_BLOCK_ASSERTIONS=1";
				PREBINDING = NO;
				SDKROOT = iphoneos4.0;
			};
			name = Distribution;
		};
		18047D5612354D7B0084CB18 /* Distribution */ = {
			isa = XCBuildConfiguration;
			buildSettings = {
				ALWAYS_SEARCH_USER_PATHS = NO;
				CODE_SIGN_ENTITLEMENTS = "~/workspace/myGithubs/CameraApp/Entitlements.plist";
				"CODE_SIGN_IDENTITY[sdk=iphoneos*]" = "iPhone Distribution";
				COPY_PHASE_STRIP = YES;
				GCC_PRECOMPILE_PREFIX_HEADER = YES;
				GCC_PREFIX_HEADER = TimerCamera_Prefix.pch;
				HEADER_SEARCH_PATHS = "$(SRCROOT)/../3rdlibs/opencv_device/include";
				INFOPLIST_FILE = "TimerCamera-Info.plist";
				IPHONEOS_DEPLOYMENT_TARGET = 4.0;
				OTHER_LDFLAGS = (
					"-lz",
					"-lstdc++",
					"$(SRCROOT)/../3rdlibs/opencv_device/lib/libcv.a",
					"$(SRCROOT)/../3rdlibs/opencv_device/lib/libcxcore.a",
				);
				PRODUCT_NAME = TimerCamera;
				"PROVISIONING_PROFILE[sdk=iphoneos*]" = "";
				VALIDATE_PRODUCT = YES;
			};
			name = Distribution;
		};
		1D6058940D05DD3E006BFB54 /* Debug */ = {
			isa = XCBuildConfiguration;
			buildSettings = {
				ALWAYS_SEARCH_USER_PATHS = NO;
				CODE_SIGN_ENTITLEMENTS = "~/workspace/myGithubs/CameraApp/Entitlements.plist";
				COPY_PHASE_STRIP = NO;
				GCC_DYNAMIC_NO_PIC = NO;
				GCC_OPTIMIZATION_LEVEL = 0;
				GCC_PRECOMPILE_PREFIX_HEADER = YES;
				GCC_PREFIX_HEADER = TimerCamera_Prefix.pch;
				GCC_PREPROCESSOR_DEFINITIONS_NOT_USED_IN_PRECOMPS = "";
				HEADER_SEARCH_PATHS = "$(SRCROOT)/common/opencv_device/include";
				INFOPLIST_FILE = "TimerCamera-Info.plist";
				IPHONEOS_DEPLOYMENT_TARGET = 3.1.2;
				OTHER_LDFLAGS = (
					"-lz",
					"-lstdc++",
					"$(SRCROOT)/common/opencv_device/lib/libcv.a",
					"$(SRCROOT)/common/opencv_device/lib/libcxcore.a",
				);
				PRODUCT_NAME = TimerCamera;
				SDKROOT = iphoneos;
			};
			name = Debug;
		};
		1D6058950D05DD3E006BFB54 /* Release */ = {
			isa = XCBuildConfiguration;
			buildSettings = {
				ALWAYS_SEARCH_USER_PATHS = NO;
				CODE_SIGN_ENTITLEMENTS = "~/workspace/myGithubs/CameraApp/Entitlements.plist";
				COPY_PHASE_STRIP = YES;
				GCC_PRECOMPILE_PREFIX_HEADER = YES;
				GCC_PREFIX_HEADER = TimerCamera_Prefix.pch;
				HEADER_SEARCH_PATHS = "$(SRCROOT)/common/opencv_device/include";
				INFOPLIST_FILE = "TimerCamera-Info.plist";
				IPHONEOS_DEPLOYMENT_TARGET = 3.1.2;
				OTHER_LDFLAGS = (
					"-lz",
					"-lstdc++",
					"$(SRCROOT)/common/opencv_device/lib/libcv.a",
					"$(SRCROOT)/common/opencv_device/lib/libcxcore.a",
				);
				PRODUCT_NAME = TimerCamera;
				SDKROOT = iphoneos;
				VALIDATE_PRODUCT = YES;
			};
			name = Release;
		};
		C01FCF4F08A954540054247B /* Debug */ = {
			isa = XCBuildConfiguration;
			buildSettings = {
				ARCHS = "$(ARCHS_STANDARD_32_BIT)";
				"CODE_SIGN_IDENTITY[sdk=iphoneos*]" = "iPhone Developer";
				GCC_C_LANGUAGE_STANDARD = c99;
				GCC_WARN_ABOUT_RETURN_TYPE = YES;
				GCC_WARN_UNUSED_VARIABLE = YES;
				PREBINDING = NO;
				SDKROOT = iphoneos4.0;
			};
			name = Debug;
		};
		C01FCF5008A954540054247B /* Release */ = {
			isa = XCBuildConfiguration;
			buildSettings = {
				ARCHS = "$(ARCHS_STANDARD_32_BIT)";
				"CODE_SIGN_IDENTITY[sdk=iphoneos*]" = "iPhone Developer";
				GCC_C_LANGUAGE_STANDARD = c99;
				GCC_WARN_ABOUT_RETURN_TYPE = YES;
				GCC_WARN_UNUSED_VARIABLE = YES;
				OTHER_CFLAGS = "-DNS_BLOCK_ASSERTIONS=1";
				PREBINDING = NO;
				SDKROOT = iphoneos4.0;
			};
			name = Release;
		};
/* End XCBuildConfiguration section */

/* Begin XCConfigurationList section */
		1D6058960D05DD3E006BFB54 /* Build configuration list for PBXNativeTarget "TimerCamera" */ = {
			isa = XCConfigurationList;
			buildConfigurations = (
				1D6058940D05DD3E006BFB54 /* Debug */,
				1D6058950D05DD3E006BFB54 /* Release */,
				18047D5612354D7B0084CB18 /* Distribution */,
			);
			defaultConfigurationIsVisible = 0;
			defaultConfigurationName = Release;
		};
		C01FCF4E08A954540054247B /* Build configuration list for PBXProject "TimerCamera" */ = {
			isa = XCConfigurationList;
			buildConfigurations = (
				C01FCF4F08A954540054247B /* Debug */,
				C01FCF5008A954540054247B /* Release */,
				18047D5512354D7B0084CB18 /* Distribution */,
			);
			defaultConfigurationIsVisible = 0;
			defaultConfigurationName = Release;
		};
/* End XCConfigurationList section */
	};
	rootObject = 29B97313FDCFA39411CA2CEA /* Project object */;
}
